
Microsoft Visual Studio Solution File, Format Version 12.00
# Visual Studio 15
VisualStudioVersion = 15.0.28307.1321
MinimumVisualStudioVersion = 10.0.40219.1
Project("{FAE04EC0-301F-11D3-BF4B-00C04F79EFBC}") = "WpfApp", "WpfApp\WpfApp.csproj", "{A0961E34-1AB5-4797-A8C2-57E225404DD5}"
EndProject
Project("{FAE04EC0-301F-11D3-BF4B-00C04F79EFBC}") = "Models", "Models\Models.csproj", "{13741250-B3CC-4B26-A146-F784425B7B6F}"
EndProject
Global
	GlobalSection(SolutionConfigurationPlatforms) = preSolution
		Debug|Any CPU = Debug|Any CPU
		Release|Any CPU = Release|Any CPU
	EndGlobalSection
	GlobalSection(ProjectConfigurationPlatforms) = postSolution
		{A0961E34-1AB5-4797-A8C2-57E225404DD5}.Debug|Any CPU.ActiveCfg = Debug|Any CPU
		{A0961E34-1AB5-4797-A8C2-57E225404DD5}.Debug|Any CPU.Build.0 = Debug|Any CPU
		{A0961E34-1AB5-4797-A8C2-57E225404DD5}.Release|Any CPU.ActiveCfg = Release|Any CPU
		{A0961E34-1AB5-4797-A8C2-57E225404DD5}.Release|Any CPU.Build.0 = Release|Any CPU
		{13741250-B3CC-4B26-A146-F784425B7B6F}.Debug|Any CPU.ActiveCfg = Debug|Any CPU
		{13741250-B3CC-4B26-A146-F784425B7B6F}.Debug|Any CPU.Build.0 = Debug|Any CPU
		{13741250-B3CC-4B26-A146-F784425B7B6F}.Release|Any CPU.ActiveCfg = Release|Any CPU
		{13741250-B3CC-4B26-A146-F784425B7B6F}.Release|Any CPU.Build.0 = Release|Any CPU
	EndGlobalSection
	GlobalSection(SolutionProperties) = preSolution
		HideSolutionNode = FALSE
	EndGlobalSection
	GlobalSection(ExtensibilityGlobals) = postSolution
		SolutionGuid = {DCFBB80D-0A6D-4A3D-B6DF-1BDE252DC814}
	EndGlobalSection
EndGlobal
